{
  "nodes": {
    "flake-lib": {
      "inputs": {
        "nixpkgs": [
          "nixpkgs"
        ]
      },
      "locked": {
        "lastModified": 1767179536,
        "narHash": "sha256-9S2OwTzG+QJ2nb9StspSNOAwhNdKIB59ucLL7kpzQZI=",
        "owner": "xj11400",
        "repo": "flake-lib",
        "rev": "bfbb74ebf94aa21e93ba05a653a7af9ab61f0b80",
        "type": "github"
      },
      "original": {
        "owner": "xj11400",
        "repo": "flake-lib",
        "type": "github"
      }
    },
    "nixpkgs": {
      "locked": {
        "lastModified": 1767767207,
        "narHash": "sha256-Mj3d3PfwltLmukFal5i3fFt27L6NiKXdBezC1EBuZs4=",
        "owner": "NixOS",
        "repo": "nixpkgs",
        "rev": "5912c1772a44e31bf1c63c0390b90501e5026886",
        "type": "github"
      },
      "original": {
        "owner": "NixOS",
        "ref": "nixos-unstable",
        "repo": "nixpkgs",
        "type": "github"
      }
    },
    "root": {
      "inputs": {
        "flake-lib": "flake-lib",
        "nixpkgs": "nixpkgs"
      }
    }
  },
  "root": "root",
  "version": 7
}
