{
  "nodes": {
    "flake-lib": {
      "inputs": {
        "nixpkgs": [
          "nixpkgs"
        ]
      },
      "locked": {
        "lastModified": 1766683199,
        "narHash": "sha256-bLsxgkxJrLHoAsQb3XiXAzVUGVPx+fDuC9aPSJQdKMc=",
        "owner": "xj11400",
        "repo": "flake-lib",
        "rev": "ff938b2faf268d129ad0bbedc5c8f674632b2665",
        "type": "github"
      },
      "original": {
        "owner": "xj11400",
        "repo": "flake-lib",
        "type": "github"
      }
    },
    "nixpkgs": {
      "locked": {
        "lastModified": 1766651565,
        "narHash": "sha256-QEhk0eXgyIqTpJ/ehZKg9IKS7EtlWxF3N7DXy42zPfU=",
        "owner": "NixOS",
        "repo": "nixpkgs",
        "rev": "3e2499d5539c16d0d173ba53552a4ff8547f4539",
        "type": "github"
      },
      "original": {
        "owner": "NixOS",
        "ref": "nixos-unstable",
        "repo": "nixpkgs",
        "type": "github"
      }
    },
    "root": {
      "inputs": {
        "flake-lib": "flake-lib",
        "nixpkgs": "nixpkgs"
      }
    }
  },
  "root": "root",
  "version": 7
}
